
Microsoft Visual Studio Solution File, Format Version 12.00
# Visual Studio Version 17
VisualStudioVersion = 17.8.34408.163
MinimumVisualStudioVersion = 10.0.40219.1
Project("{8BC9CEB8-8B4A-11D0-8D11-00A0C91BC942}") = "DLL-Injector", "DLL-Injector\DLL-Injector.vcxproj", "{C8177605-9ECC-412D-B58A-3EE3C45B4E33}"
	ProjectSection(ProjectDependencies) = postProject
		{39EA5C6C-2474-424F-9921-65937D98FBCA} = {39EA5C6C-2474-424F-9921-65937D98FBCA}
	EndProjectSection
EndProject
Project("{8BC9CEB8-8B4A-11D0-8D11-00A0C91BC942}") = "DLL-Example", "DLL-Example\DLL-Example.vcxproj", "{39EA5C6C-2474-424F-9921-65937D98FBCA}"
EndProject
Global
	GlobalSection(SolutionConfigurationPlatforms) = preSolution
		Debug|x64 = Debug|x64
		Debug|x86 = Debug|x86
		Release|x64 = Release|x64
		Release|x86 = Release|x86
	EndGlobalSection
	GlobalSection(ProjectConfigurationPlatforms) = postSolution
		{C8177605-9ECC-412D-B58A-3EE3C45B4E33}.Debug|x64.ActiveCfg = Debug|x64
		{C8177605-9ECC-412D-B58A-3EE3C45B4E33}.Debug|x64.Build.0 = Debug|x64
		{C8177605-9ECC-412D-B58A-3EE3C45B4E33}.Debug|x86.ActiveCfg = Debug|Win32
		{C8177605-9ECC-412D-B58A-3EE3C45B4E33}.Debug|x86.Build.0 = Debug|Win32
		{C8177605-9ECC-412D-B58A-3EE3C45B4E33}.Release|x64.ActiveCfg = Release|x64
		{C8177605-9ECC-412D-B58A-3EE3C45B4E33}.Release|x64.Build.0 = Release|x64
		{C8177605-9ECC-412D-B58A-3EE3C45B4E33}.Release|x86.ActiveCfg = Release|Win32
		{C8177605-9ECC-412D-B58A-3EE3C45B4E33}.Release|x86.Build.0 = Release|Win32
		{39EA5C6C-2474-424F-9921-65937D98FBCA}.Debug|x64.ActiveCfg = Debug|x64
		{39EA5C6C-2474-424F-9921-65937D98FBCA}.Debug|x64.Build.0 = Debug|x64
		{39EA5C6C-2474-424F-9921-65937D98FBCA}.Debug|x86.ActiveCfg = Debug|Win32
		{39EA5C6C-2474-424F-9921-65937D98FBCA}.Debug|x86.Build.0 = Debug|Win32
		{39EA5C6C-2474-424F-9921-65937D98FBCA}.Release|x64.ActiveCfg = Release|x64
		{39EA5C6C-2474-424F-9921-65937D98FBCA}.Release|x64.Build.0 = Release|x64
		{39EA5C6C-2474-424F-9921-65937D98FBCA}.Release|x86.ActiveCfg = Release|Win32
		{39EA5C6C-2474-424F-9921-65937D98FBCA}.Release|x86.Build.0 = Release|Win32
	EndGlobalSection
	GlobalSection(SolutionProperties) = preSolution
		HideSolutionNode = FALSE
	EndGlobalSection
	GlobalSection(ExtensibilityGlobals) = postSolution
		SolutionGuid = {3B1D0B4B-A6B5-4984-A8C5-0FDC6DDF17BE}
	EndGlobalSection
EndGlobal
